
Microsoft Visual Studio Solution File, Format Version 12.00
# Visual Studio 14
VisualStudioVersion = 14.0.25420.1
MinimumVisualStudioVersion = 10.0.40219.1
Project("{FAE04EC0-301F-11D3-BF4B-00C04F79EFBC}") = "CameraChecker", "CameraChecker\CameraChecker.csproj", "{B8001D35-18C3-4C71-A891-2924E3CCB6E0}"
EndProject
Global
	GlobalSection(SolutionConfigurationPlatforms) = preSolution
		Debug|Any CPU = Debug|Any CPU
		Release|Any CPU = Release|Any CPU
	EndGlobalSection
	GlobalSection(ProjectConfigurationPlatforms) = postSolution
		{B8001D35-18C3-4C71-A891-2924E3CCB6E0}.Debug|Any CPU.ActiveCfg = Debug|Any CPU
		{B8001D35-18C3-4C71-A891-2924E3CCB6E0}.Debug|Any CPU.Build.0 = Debug|Any CPU
		{B8001D35-18C3-4C71-A891-2924E3CCB6E0}.Release|Any CPU.ActiveCfg = Release|Any CPU
		{B8001D35-18C3-4C71-A891-2924E3CCB6E0}.Release|Any CPU.Build.0 = Release|Any CPU
	EndGlobalSection
	GlobalSection(SolutionProperties) = preSolution
		HideSolutionNode = FALSE
	EndGlobalSection
EndGlobal
